
Microsoft Visual Studio Solution File, Format Version 12.00
# Visual Studio 14
VisualStudioVersion = 14.0.24720.0
MinimumVisualStudioVersion = 10.0.40219.1
Project("{FAE04EC0-301F-11D3-BF4B-00C04F79EFBC}") = "Cpts451_Project", "Cpts451_Project\Cpts451_Project.csproj", "{DA8AAB2F-ED60-46D0-9383-AD1369A2CE0E}"
EndProject
Project("{FAE04EC0-301F-11D3-BF4B-00C04F79EFBC}") = "Backward_logic_Engine", "Backward_logic_Engine\Backward_logic_Engine.csproj", "{398E668C-05BB-4C2C-B52C-0DB714DC47E2}"
EndProject
Global
	GlobalSection(SolutionConfigurationPlatforms) = preSolution
		Debug|Any CPU = Debug|Any CPU
		Debug|x86 = Debug|x86
		Release|Any CPU = Release|Any CPU
		Release|x86 = Release|x86
	EndGlobalSection
	GlobalSection(ProjectConfigurationPlatforms) = postSolution
		{DA8AAB2F-ED60-46D0-9383-AD1369A2CE0E}.Debug|Any CPU.ActiveCfg = Debug|Any CPU
		{DA8AAB2F-ED60-46D0-9383-AD1369A2CE0E}.Debug|Any CPU.Build.0 = Debug|Any CPU
		{DA8AAB2F-ED60-46D0-9383-AD1369A2CE0E}.Debug|x86.ActiveCfg = Debug|Any CPU
		{DA8AAB2F-ED60-46D0-9383-AD1369A2CE0E}.Debug|x86.Build.0 = Debug|Any CPU
		{DA8AAB2F-ED60-46D0-9383-AD1369A2CE0E}.Release|Any CPU.ActiveCfg = Release|Any CPU
		{DA8AAB2F-ED60-46D0-9383-AD1369A2CE0E}.Release|Any CPU.Build.0 = Release|Any CPU
		{DA8AAB2F-ED60-46D0-9383-AD1369A2CE0E}.Release|x86.ActiveCfg = Release|Any CPU
		{DA8AAB2F-ED60-46D0-9383-AD1369A2CE0E}.Release|x86.Build.0 = Release|Any CPU
		{398E668C-05BB-4C2C-B52C-0DB714DC47E2}.Debug|Any CPU.ActiveCfg = Debug|Any CPU
		{398E668C-05BB-4C2C-B52C-0DB714DC47E2}.Debug|Any CPU.Build.0 = Debug|Any CPU
		{398E668C-05BB-4C2C-B52C-0DB714DC47E2}.Debug|x86.ActiveCfg = Debug|Any CPU
		{398E668C-05BB-4C2C-B52C-0DB714DC47E2}.Debug|x86.Build.0 = Debug|Any CPU
		{398E668C-05BB-4C2C-B52C-0DB714DC47E2}.Release|Any CPU.ActiveCfg = Release|Any CPU
		{398E668C-05BB-4C2C-B52C-0DB714DC47E2}.Release|Any CPU.Build.0 = Release|Any CPU
		{398E668C-05BB-4C2C-B52C-0DB714DC47E2}.Release|x86.ActiveCfg = Release|Any CPU
		{398E668C-05BB-4C2C-B52C-0DB714DC47E2}.Release|x86.Build.0 = Release|Any CPU
	EndGlobalSection
	GlobalSection(SolutionProperties) = preSolution
		HideSolutionNode = FALSE
	EndGlobalSection
EndGlobal
